{
  "lockfileVersion": 1,
  "configVersion": 1,
  "workspaces": {
    "": {
      "name": "test-hehe",
      "dependencies": {
        "test-hehe": "github:aannnguyen/test-hehe",
      },
    },
  },
  "packages": {
    "test-hehe": ["test-hehe@github:aannnguyen/test-hehe#47908cd", {}, "aannnguyen-test-hehe-47908cd"],
  }
}
